// !$*UTF8*$!
{
	archiveVersion = 1;
	classes = {
	};
	objectVersion = 46;
	objects = {

/* Begin PBXBuildFile section */
		2E70FF0B1E4E2C670011C786 /* AppDelegate.swift in Sources */ = {isa = PBXBuildFile; fileRef = 2E70FF0A1E4E2C670011C786 /* AppDelegate.swift */; };
		2E70FF0D1E4E2C670011C786 /* ViewController.swift in Sources */ = {isa = PBXBuildFile; fileRef = 2E70FF0C1E4E2C670011C786 /* ViewController.swift */; };
		2E70FF101E4E2C680011C786 /* Main.storyboard in Resources */ = {isa = PBXBuildFile; fileRef = 2E70FF0E1E4E2C680011C786 /* Main.storyboard */; };
		2E70FF121E4E2C680011C786 /* Assets.xcassets in Resources */ = {isa = PBXBuildFile; fileRef = 2E70FF111E4E2C680011C786 /* Assets.xcassets */; };
		2E70FF151E4E2C680011C786 /* LaunchScreen.storyboard in Resources */ = {isa = PBXBuildFile; fileRef = 2E70FF131E4E2C680011C786 /* LaunchScreen.storyboard */; };
		2E70FF201E4E2C680011C786 /* _RA_EVA_7_MORE_ACTIONSTests.swift in Sources */ = {isa = PBXBuildFile; fileRef = 2E70FF1F1E4E2C680011C786 /* _RA_EVA_7_MORE_ACTIONSTests.swift */; };
		2E70FF2B1E4E2C680011C786 /* _RA_EVA_7_MORE_ACTIONSUITests.swift in Sources */ = {isa = PBXBuildFile; fileRef = 2E70FF2A1E4E2C680011C786 /* _RA_EVA_7_MORE_ACTIONSUITests.swift */; };
/* End PBXBuildFile section */

/* Begin PBXContainerItemProxy section */
		2E70FF1C1E4E2C680011C786 /* PBXContainerItemProxy */ = {
			isa = PBXContainerItemProxy;
			containerPortal = 2E70FEFF1E4E2C670011C786 /* Project object */;
			proxyType = 1;
			remoteGlobalIDString = 2E70FF061E4E2C670011C786;
			remoteInfo = 1RA_EVA_7_MORE_ACTIONS;
		};
		2E70FF271E4E2C680011C786 /* PBXContainerItemProxy */ = {
			isa = PBXContainerItemProxy;
			containerPortal = 2E70FEFF1E4E2C670011C786 /* Project object */;
			proxyType = 1;
			remoteGlobalIDString = 2E70FF061E4E2C670011C786;
			remoteInfo = 1RA_EVA_7_MORE_ACTIONS;
		};
/* End PBXContainerItemProxy section */

/* Begin PBXFileReference section */
		2E70FF071E4E2C670011C786 /* 1RA_EVA_7_MORE_ACTIONS.app */ = {isa = PBXFileReference; explicitFileType = wrapper.application; includeInIndex = 0; path = 1RA_EVA_7_MORE_ACTIONS.app; sourceTree = BUILT_PRODUCTS_DIR; };
		2E70FF0A1E4E2C670011C786 /* AppDelegate.swift */ = {isa = PBXFileReference; lastKnownFileType = sourcecode.swift; path = AppDelegate.swift; sourceTree = "<group>"; };
		2E70FF0C1E4E2C670011C786 /* ViewController.swift */ = {isa = PBXFileReference; lastKnownFileType = sourcecode.swift; path = ViewController.swift; sourceTree = "<group>"; };
		2E70FF0F1E4E2C680011C786 /* Base */ = {isa = PBXFileReference; lastKnownFileType = file.storyboard; name = Base; path = Base.lproj/Main.storyboard; sourceTree = "<group>"; };
		2E70FF111E4E2C680011C786 /* Assets.xcassets */ = {isa = PBXFileReference; lastKnownFileType = folder.assetcatalog; path = Assets.xcassets; sourceTree = "<group>"; };
		2E70FF141E4E2C680011C786 /* Base */ = {isa = PBXFileReference; lastKnownFileType = file.storyboard; name = Base; path = Base.lproj/LaunchScreen.storyboard; sourceTree = "<group>"; };
		2E70FF161E4E2C680011C786 /* Info.plist */ = {isa = PBXFileReference; lastKnownFileType = text.plist.xml; path = Info.plist; sourceTree = "<group>"; };
		2E70FF1B1E4E2C680011C786 /* 1RA_EVA_7_MORE_ACTIONSTests.xctest */ = {isa = PBXFileReference; explicitFileType = wrapper.cfbundle; includeInIndex = 0; path = 1RA_EVA_7_MORE_ACTIONSTests.xctest; sourceTree = BUILT_PRODUCTS_DIR; };
		2E70FF1F1E4E2C680011C786 /* _RA_EVA_7_MORE_ACTIONSTests.swift */ = {isa = PBXFileReference; lastKnownFileType = sourcecode.swift; path = _RA_EVA_7_MORE_ACTIONSTests.swift; sourceTree = "<group>"; };
		2E70FF211E4E2C680011C786 /* Info.plist */ = {isa = PBXFileReference; lastKnownFileType = text.plist.xml; path = Info.plist; sourceTree = "<group>"; };
		2E70FF261E4E2C680011C786 /* 1RA_EVA_7_MORE_ACTIONSUITests.xctest */ = {isa = PBXFileReference; explicitFileType = wrapper.cfbundle; includeInIndex = 0; path = 1RA_EVA_7_MORE_ACTIONSUITests.xctest; sourceTree = BUILT_PRODUCTS_DIR; };
		2E70FF2A1E4E2C680011C786 /* _RA_EVA_7_MORE_ACTIONSUITests.swift */ = {isa = PBXFileReference; lastKnownFileType = sourcecode.swift; path = _RA_EVA_7_MORE_ACTIONSUITests.swift; sourceTree = "<group>"; };
		2E70FF2C1E4E2C680011C786 /* Info.plist */ = {isa = PBXFileReference; lastKnownFileType = text.plist.xml; path = Info.plist; sourceTree = "<group>"; };
/* End PBXFileReference section */

/* Begin PBXFrameworksBuildPhase section */
		2E70FF041E4E2C670011C786 /* Frameworks */ = {
			isa = PBXFrameworksBuildPhase;
			buildActionMask = 2147483647;
			files = (
			);
			runOnlyForDeploymentPostprocessing = 0;
		};
		2E70FF181E4E2C680011C786 /* Frameworks */ = {
			isa = PBXFrameworksBuildPhase;
			buildActionMask = 2147483647;
			files = (
			);
			runOnlyForDeploymentPostprocessing = 0;
		};
		2E70FF231E4E2C680011C786 /* Frameworks */ = {
			isa = PBXFrameworksBuildPhase;
			buildActionMask = 2147483647;
			files = (
			);
			runOnlyForDeploymentPostprocessing = 0;
		};
/* End PBXFrameworksBuildPhase section */

/* Begin PBXGroup section */
		2E70FEFE1E4E2C670011C786 = {
			isa = PBXGroup;
			children = (
				2E70FF091E4E2C670011C786 /* 1RA_EVA_7_MORE_ACTIONS */,
				2E70FF1E1E4E2C680011C786 /* 1RA_EVA_7_MORE_ACTIONSTests */,
				2E70FF291E4E2C680011C786 /* 1RA_EVA_7_MORE_ACTIONSUITests */,
				2E70FF081E4E2C670011C786 /* Products */,
			);
			sourceTree = "<group>";
		};
		2E70FF081E4E2C670011C786 /* Products */ = {
			isa = PBXGroup;
			children = (
				2E70FF071E4E2C670011C786 /* 1RA_EVA_7_MORE_ACTIONS.app */,
				2E70FF1B1E4E2C680011C786 /* 1RA_EVA_7_MORE_ACTIONSTests.xctest */,
				2E70FF261E4E2C680011C786 /* 1RA_EVA_7_MORE_ACTIONSUITests.xctest */,
			);
			name = Products;
			sourceTree = "<group>";
		};
		2E70FF091E4E2C670011C786 /* 1RA_EVA_7_MORE_ACTIONS */ = {
			isa = PBXGroup;
			children = (
				2E70FF0A1E4E2C670011C786 /* AppDelegate.swift */,
				2E70FF0C1E4E2C670011C786 /* ViewController.swift */,
				2E70FF0E1E4E2C680011C786 /* Main.storyboard */,
				2E70FF111E4E2C680011C786 /* Assets.xcassets */,
				2E70FF131E4E2C680011C786 /* LaunchScreen.storyboard */,
				2E70FF161E4E2C680011C786 /* Info.plist */,
			);
			path = 1RA_EVA_7_MORE_ACTIONS;
			sourceTree = "<group>";
		};
		2E70FF1E1E4E2C680011C786 /* 1RA_EVA_7_MORE_ACTIONSTests */ = {
			isa = PBXGroup;
			children = (
				2E70FF1F1E4E2C680011C786 /* _RA_EVA_7_MORE_ACTIONSTests.swift */,
				2E70FF211E4E2C680011C786 /* Info.plist */,
			);
			path = 1RA_EVA_7_MORE_ACTIONSTests;
			sourceTree = "<group>";
		};
		2E70FF291E4E2C680011C786 /* 1RA_EVA_7_MORE_ACTIONSUITests */ = {
			isa = PBXGroup;
			children = (
				2E70FF2A1E4E2C680011C786 /* _RA_EVA_7_MORE_ACTIONSUITests.swift */,
				2E70FF2C1E4E2C680011C786 /* Info.plist */,
			);
			path = 1RA_EVA_7_MORE_ACTIONSUITests;
			sourceTree = "<group>";
		};
/* End PBXGroup section */

/* Begin PBXNativeTarget section */
		2E70FF061E4E2C670011C786 /* 1RA_EVA_7_MORE_ACTIONS */ = {
			isa = PBXNativeTarget;
			buildConfigurationList = 2E70FF2F1E4E2C680011C786 /* Build configuration list for PBXNativeTarget "1RA_EVA_7_MORE_ACTIONS" */;
			buildPhases = (
				2E70FF031E4E2C670011C786 /* Sources */,
				2E70FF041E4E2C670011C786 /* Frameworks */,
				2E70FF051E4E2C670011C786 /* Resources */,
			);
			buildRules = (
			);
			dependencies = (
			);
			name = 1RA_EVA_7_MORE_ACTIONS;
			productName = 1RA_EVA_7_MORE_ACTIONS;
			productReference = 2E70FF071E4E2C670011C786 /* 1RA_EVA_7_MORE_ACTIONS.app */;
			productType = "com.apple.product-type.application";
		};
		2E70FF1A1E4E2C680011C786 /* 1RA_EVA_7_MORE_ACTIONSTests */ = {
			isa = PBXNativeTarget;
			buildConfigurationList = 2E70FF321E4E2C680011C786 /* Build configuration list for PBXNativeTarget "1RA_EVA_7_MORE_ACTIONSTests" */;
			buildPhases = (
				2E70FF171E4E2C680011C786 /* Sources */,
				2E70FF181E4E2C680011C786 /* Frameworks */,
				2E70FF191E4E2C680011C786 /* Resources */,
			);
			buildRules = (
			);
			dependencies = (
				2E70FF1D1E4E2C680011C786 /* PBXTargetDependency */,
			);
			name = 1RA_EVA_7_MORE_ACTIONSTests;
			productName = 1RA_EVA_7_MORE_ACTIONSTests;
			productReference = 2E70FF1B1E4E2C680011C786 /* 1RA_EVA_7_MORE_ACTIONSTests.xctest */;
			productType = "com.apple.product-type.bundle.unit-test";
		};
		2E70FF251E4E2C680011C786 /* 1RA_EVA_7_MORE_ACTIONSUITests */ = {
			isa = PBXNativeTarget;
			buildConfigurationList = 2E70FF351E4E2C680011C786 /* Build configuration list for PBXNativeTarget "1RA_EVA_7_MORE_ACTIONSUITests" */;
			buildPhases = (
				2E70FF221E4E2C680011C786 /* Sources */,
				2E70FF231E4E2C680011C786 /* Frameworks */,
				2E70FF241E4E2C680011C786 /* Resources */,
			);
			buildRules = (
			);
			dependencies = (
				2E70FF281E4E2C680011C786 /* PBXTargetDependency */,
			);
			name = 1RA_EVA_7_MORE_ACTIONSUITests;
			productName = 1RA_EVA_7_MORE_ACTIONSUITests;
			productReference = 2E70FF261E4E2C680011C786 /* 1RA_EVA_7_MORE_ACTIONSUITests.xctest */;
			productType = "com.apple.product-type.bundle.ui-testing";
		};
/* End PBXNativeTarget section */

/* Begin PBXProject section */
		2E70FEFF1E4E2C670011C786 /* Project object */ = {
			isa = PBXProject;
			attributes = {
				LastSwiftUpdateCheck = 0730;
				LastUpgradeCheck = 0730;
				ORGANIZATIONNAME = "MIGUEL ANGEL";
				TargetAttributes = {
					2E70FF061E4E2C670011C786 = {
						CreatedOnToolsVersion = 7.3.1;
					};
					2E70FF1A1E4E2C680011C786 = {
						CreatedOnToolsVersion = 7.3.1;
						TestTargetID = 2E70FF061E4E2C670011C786;
					};
					2E70FF251E4E2C680011C786 = {
						CreatedOnToolsVersion = 7.3.1;
						TestTargetID = 2E70FF061E4E2C670011C786;
					};
				};
			};
			buildConfigurationList = 2E70FF021E4E2C670011C786 /* Build configuration list for PBXProject "1RA_EVA_7_MORE_ACTIONS" */;
			compatibilityVersion = "Xcode 3.2";
			developmentRegion = English;
			hasScannedForEncodings = 0;
			knownRegions = (
				en,
				Base,
			);
			mainGroup = 2E70FEFE1E4E2C670011C786;
			productRefGroup = 2E70FF081E4E2C670011C786 /* Products */;
			projectDirPath = "";
			projectRoot = "";
			targets = (
				2E70FF061E4E2C670011C786 /* 1RA_EVA_7_MORE_ACTIONS */,
				2E70FF1A1E4E2C680011C786 /* 1RA_EVA_7_MORE_ACTIONSTests */,
				2E70FF251E4E2C680011C786 /* 1RA_EVA_7_MORE_ACTIONSUITests */,
			);
		};
/* End PBXProject section */

/* Begin PBXResourcesBuildPhase section */
		2E70FF051E4E2C670011C786 /* Resources */ = {
			isa = PBXResourcesBuildPhase;
			buildActionMask = 2147483647;
			files = (
				2E70FF151E4E2C680011C786 /* LaunchScreen.storyboard in Resources */,
				2E70FF121E4E2C680011C786 /* Assets.xcassets in Resources */,
				2E70FF101E4E2C680011C786 /* Main.storyboard in Resources */,
			);
			runOnlyForDeploymentPostprocessing = 0;
		};
		2E70FF191E4E2C680011C786 /* Resources */ = {
			isa = PBXResourcesBuildPhase;
			buildActionMask = 2147483647;
			files = (
			);
			runOnlyForDeploymentPostprocessing = 0;
		};
		2E70FF241E4E2C680011C786 /* Resources */ = {
			isa = PBXResourcesBuildPhase;
			buildActionMask = 2147483647;
			files = (
			);
			runOnlyForDeploymentPostprocessing = 0;
		};
/* End PBXResourcesBuildPhase section */

/* Begin PBXSourcesBuildPhase section */
		2E70FF031E4E2C670011C786 /* Sources */ = {
			isa = PBXSourcesBuildPhase;
			buildActionMask = 2147483647;
			files = (
				2E70FF0D1E4E2C670011C786 /* ViewController.swift in Sources */,
				2E70FF0B1E4E2C670011C786 /* AppDelegate.swift in Sources */,
			);
			runOnlyForDeploymentPostprocessing = 0;
		};
		2E70FF171E4E2C680011C786 /* Sources */ = {
			isa = PBXSourcesBuildPhase;
			buildActionMask = 2147483647;
			files = (
				2E70FF201E4E2C680011C786 /* _RA_EVA_7_MORE_ACTIONSTests.swift in Sources */,
			);
			runOnlyForDeploymentPostprocessing = 0;
		};
		2E70FF221E4E2C680011C786 /* Sources */ = {
			isa = PBXSourcesBuildPhase;
			buildActionMask = 2147483647;
			files = (
				2E70FF2B1E4E2C680011C786 /* _RA_EVA_7_MORE_ACTIONSUITests.swift in Sources */,
			);
			runOnlyForDeploymentPostprocessing = 0;
		};
/* End PBXSourcesBuildPhase section */

/* Begin PBXTargetDependency section */
		2E70FF1D1E4E2C680011C786 /* PBXTargetDependency */ = {
			isa = PBXTargetDependency;
			target = 2E70FF061E4E2C670011C786 /* 1RA_EVA_7_MORE_ACTIONS */;
			targetProxy = 2E70FF1C1E4E2C680011C786 /* PBXContainerItemProxy */;
		};
		2E70FF281E4E2C680011C786 /* PBXTargetDependency */ = {
			isa = PBXTargetDependency;
			target = 2E70FF061E4E2C670011C786 /* 1RA_EVA_7_MORE_ACTIONS */;
			targetProxy = 2E70FF271E4E2C680011C786 /* PBXContainerItemProxy */;
		};
/* End PBXTargetDependency section */

/* Begin PBXVariantGroup section */
		2E70FF0E1E4E2C680011C786 /* Main.storyboard */ = {
			isa = PBXVariantGroup;
			children = (
				2E70FF0F1E4E2C680011C786 /* Base */,
			);
			name = Main.storyboard;
			sourceTree = "<group>";
		};
		2E70FF131E4E2C680011C786 /* LaunchScreen.storyboard */ = {
			isa = PBXVariantGroup;
			children = (
				2E70FF141E4E2C680011C786 /* Base */,
			);
			name = LaunchScreen.storyboard;
			sourceTree = "<group>";
		};
/* End PBXVariantGroup section */

/* Begin XCBuildConfiguration section */
		2E70FF2D1E4E2C680011C786 /* Debug */ = {
			isa = XCBuildConfiguration;
			buildSettings = {
				ALWAYS_SEARCH_USER_PATHS = NO;
				CLANG_ANALYZER_NONNULL = YES;
				CLANG_CXX_LANGUAGE_STANDARD = "gnu++0x";
				CLANG_CXX_LIBRARY = "libc++";
				CLANG_ENABLE_MODULES = YES;
				CLANG_ENABLE_OBJC_ARC = YES;
				CLANG_WARN_BOOL_CONVERSION = YES;
				CLANG_WARN_CONSTANT_CONVERSION = YES;
				CLANG_WARN_DIRECT_OBJC_ISA_USAGE = YES_ERROR;
				CLANG_WARN_EMPTY_BODY = YES;
				CLANG_WARN_ENUM_CONVERSION = YES;
				CLANG_WARN_INT_CONVERSION = YES;
				CLANG_WARN_OBJC_ROOT_CLASS = YES_ERROR;
				CLANG_WARN_UNREACHABLE_CODE = YES;
				CLANG_WARN__DUPLICATE_METHOD_MATCH = YES;
				"CODE_SIGN_IDENTITY[sdk=iphoneos*]" = "iPhone Developer";
				COPY_PHASE_STRIP = NO;
				DEBUG_INFORMATION_FORMAT = dwarf;
				ENABLE_STRICT_OBJC_MSGSEND = YES;
				ENABLE_TESTABILITY = YES;
				GCC_C_LANGUAGE_STANDARD = gnu99;
				GCC_DYNAMIC_NO_PIC = NO;
				GCC_NO_COMMON_BLOCKS = YES;
				GCC_OPTIMIZATION_LEVEL = 0;
				GCC_PREPROCESSOR_DEFINITIONS = (
					"DEBUG=1",
					"$(inherited)",
				);
				GCC_WARN_64_TO_32_BIT_CONVERSION = YES;
				GCC_WARN_ABOUT_RETURN_TYPE = YES_ERROR;
				GCC_WARN_UNDECLARED_SELECTOR = YES;
				GCC_WARN_UNINITIALIZED_AUTOS = YES_AGGRESSIVE;
				GCC_WARN_UNUSED_FUNCTION = YES;
				GCC_WARN_UNUSED_VARIABLE = YES;
				IPHONEOS_DEPLOYMENT_TARGET = 9.3;
				MTL_ENABLE_DEBUG_INFO = YES;
				ONLY_ACTIVE_ARCH = YES;
				SDKROOT = iphoneos;
				SWIFT_OPTIMIZATION_LEVEL = "-Onone";
				TARGETED_DEVICE_FAMILY = "1,2";
			};
			name = Debug;
		};
		2E70FF2E1E4E2C680011C786 /* Release */ = {
			isa = XCBuildConfiguration;
			buildSettings = {
				ALWAYS_SEARCH_USER_PATHS = NO;
				CLANG_ANALYZER_NONNULL = YES;
				CLANG_CXX_LANGUAGE_STANDARD = "gnu++0x";
				CLANG_CXX_LIBRARY = "libc++";
				CLANG_ENABLE_MODULES = YES;
				CLANG_ENABLE_OBJC_ARC = YES;
				CLANG_WARN_BOOL_CONVERSION = YES;
				CLANG_WARN_CONSTANT_CONVERSION = YES;
				CLANG_WARN_DIRECT_OBJC_ISA_USAGE = YES_ERROR;
				CLANG_WARN_EMPTY_BODY = YES;
				CLANG_WARN_ENUM_CONVERSION = YES;
				CLANG_WARN_INT_CONVERSION = YES;
				CLANG_WARN_OBJC_ROOT_CLASS = YES_ERROR;
				CLANG_WARN_UNREACHABLE_CODE = YES;
				CLANG_WARN__DUPLICATE_METHOD_MATCH = YES;
				"CODE_SIGN_IDENTITY[sdk=iphoneos*]" = "iPhone Developer";
				COPY_PHASE_STRIP = NO;
				DEBUG_INFORMATION_FORMAT = "dwarf-with-dsym";
				ENABLE_NS_ASSERTIONS = NO;
				ENABLE_STRICT_OBJC_MSGSEND = YES;
				GCC_C_LANGUAGE_STANDARD = gnu99;
				GCC_NO_COMMON_BLOCKS = YES;
				GCC_WARN_64_TO_32_BIT_CONVERSION = YES;
				GCC_WARN_ABOUT_RETURN_TYPE = YES_ERROR;
				GCC_WARN_UNDECLARED_SELECTOR = YES;
				GCC_WARN_UNINITIALIZED_AUTOS = YES_AGGRESSIVE;
				GCC_WARN_UNUSED_FUNCTION = YES;
				GCC_WARN_UNUSED_VARIABLE = YES;
				IPHONEOS_DEPLOYMENT_TARGET = 9.3;
				MTL_ENABLE_DEBUG_INFO = NO;
				SDKROOT = iphoneos;
				TARGETED_DEVICE_FAMILY = "1,2";
				VALIDATE_PRODUCT = YES;
			};
			name = Release;
		};
		2E70FF301E4E2C680011C786 /* Debug */ = {
			isa = XCBuildConfiguration;
			buildSettings = {
				ASSETCATALOG_COMPILER_APPICON_NAME = AppIcon;
				INFOPLIST_FILE = 1RA_EVA_7_MORE_ACTIONS/Info.plist;
				LD_RUNPATH_SEARCH_PATHS = "$(inherited) @executable_path/Frameworks";
				PRODUCT_BUNDLE_IDENTIFIER = "com.miguel-angel.constrains.-RA-EVA-7-MORE-ACTIONS";
				PRODUCT_NAME = "$(TARGET_NAME)";
			};
			name = Debug;
		};
		2E70FF311E4E2C680011C786 /* Release */ = {
			isa = XCBuildConfiguration;
			buildSettings = {
				ASSETCATALOG_COMPILER_APPICON_NAME = AppIcon;
				INFOPLIST_FILE = 1RA_EVA_7_MORE_ACTIONS/Info.plist;
				LD_RUNPATH_SEARCH_PATHS = "$(inherited) @executable_path/Frameworks";
				PRODUCT_BUNDLE_IDENTIFIER = "com.miguel-angel.constrains.-RA-EVA-7-MORE-ACTIONS";
				PRODUCT_NAME = "$(TARGET_NAME)";
			};
			name = Release;
		};
		2E70FF331E4E2C680011C786 /* Debug */ = {
			isa = XCBuildConfiguration;
			buildSettings = {
				BUNDLE_LOADER = "$(TEST_HOST)";
				INFOPLIST_FILE = 1RA_EVA_7_MORE_ACTIONSTests/Info.plist;
				LD_RUNPATH_SEARCH_PATHS = "$(inherited) @executable_path/Frameworks @loader_path/Frameworks";
				PRODUCT_BUNDLE_IDENTIFIER = "com.miguel-angel.constrains.-RA-EVA-7-MORE-ACTIONSTests";
				PRODUCT_NAME = "$(TARGET_NAME)";
				TEST_HOST = "$(BUILT_PRODUCTS_DIR)/1RA_EVA_7_MORE_ACTIONS.app/1RA_EVA_7_MORE_ACTIONS";
			};
			name = Debug;
		};
		2E70FF341E4E2C680011C786 /* Release */ = {
			isa = XCBuildConfiguration;
			buildSettings = {
				BUNDLE_LOADER = "$(TEST_HOST)";
				INFOPLIST_FILE = 1RA_EVA_7_MORE_ACTIONSTests/Info.plist;
				LD_RUNPATH_SEARCH_PATHS = "$(inherited) @executable_path/Frameworks @loader_path/Frameworks";
				PRODUCT_BUNDLE_IDENTIFIER = "com.miguel-angel.constrains.-RA-EVA-7-MORE-ACTIONSTests";
				PRODUCT_NAME = "$(TARGET_NAME)";
				TEST_HOST = "$(BUILT_PRODUCTS_DIR)/1RA_EVA_7_MORE_ACTIONS.app/1RA_EVA_7_MORE_ACTIONS";
			};
			name = Release;
		};
		2E70FF361E4E2C680011C786 /* Debug */ = {
			isa = XCBuildConfiguration;
			buildSettings = {
				INFOPLIST_FILE = 1RA_EVA_7_MORE_ACTIONSUITests/Info.plist;
				LD_RUNPATH_SEARCH_PATHS = "$(inherited) @executable_path/Frameworks @loader_path/Frameworks";
				PRODUCT_BUNDLE_IDENTIFIER = "com.miguel-angel.constrains.-RA-EVA-7-MORE-ACTIONSUITests";
				PRODUCT_NAME = "$(TARGET_NAME)";
				TEST_TARGET_NAME = 1RA_EVA_7_MORE_ACTIONS;
			};
			name = Debug;
		};
		2E70FF371E4E2C680011C786 /* Release */ = {
			isa = XCBuildConfiguration;
			buildSettings = {
				INFOPLIST_FILE = 1RA_EVA_7_MORE_ACTIONSUITests/Info.plist;
				LD_RUNPATH_SEARCH_PATHS = "$(inherited) @executable_path/Frameworks @loader_path/Frameworks";
				PRODUCT_BUNDLE_IDENTIFIER = "com.miguel-angel.constrains.-RA-EVA-7-MORE-ACTIONSUITests";
				PRODUCT_NAME = "$(TARGET_NAME)";
				TEST_TARGET_NAME = 1RA_EVA_7_MORE_ACTIONS;
			};
			name = Release;
		};
/* End XCBuildConfiguration section */

/* Begin XCConfigurationList section */
		2E70FF021E4E2C670011C786 /* Build configuration list for PBXProject "1RA_EVA_7_MORE_ACTIONS" */ = {
			isa = XCConfigurationList;
			buildConfigurations = (
				2E70FF2D1E4E2C680011C786 /* Debug */,
				2E70FF2E1E4E2C680011C786 /* Release */,
			);
			defaultConfigurationIsVisible = 0;
			defaultConfigurationName = Release;
		};
		2E70FF2F1E4E2C680011C786 /* Build configuration list for PBXNativeTarget "1RA_EVA_7_MORE_ACTIONS" */ = {
			isa = XCConfigurationList;
			buildConfigurations = (
				2E70FF301E4E2C680011C786 /* Debug */,
				2E70FF311E4E2C680011C786 /* Release */,
			);
			defaultConfigurationIsVisible = 0;
		};
		2E70FF321E4E2C680011C786 /* Build configuration list for PBXNativeTarget "1RA_EVA_7_MORE_ACTIONSTests" */ = {
			isa = XCConfigurationList;
			buildConfigurations = (
				2E70FF331E4E2C680011C786 /* Debug */,
				2E70FF341E4E2C680011C786 /* Release */,
			);
			defaultConfigurationIsVisible = 0;
		};
		2E70FF351E4E2C680011C786 /* Build configuration list for PBXNativeTarget "1RA_EVA_7_MORE_ACTIONSUITests" */ = {
			isa = XCConfigurationList;
			buildConfigurations = (
				2E70FF361E4E2C680011C786 /* Debug */,
				2E70FF371E4E2C680011C786 /* Release */,
			);
			defaultConfigurationIsVisible = 0;
		};
/* End XCConfigurationList section */
	};
	rootObject = 2E70FEFF1E4E2C670011C786 /* Project object */;
}
