// !$*UTF8*$!
{
	archiveVersion = 1;
	classes = {
	};
	objectVersion = 46;
	objects = {

/* Begin PBXBuildFile section */
		2E12171F1E44F7A600194915 /* AppDelegate.swift in Sources */ = {isa = PBXBuildFile; fileRef = 2E12171E1E44F7A600194915 /* AppDelegate.swift */; };
		2E1217211E44F7A600194915 /* ViewController.swift in Sources */ = {isa = PBXBuildFile; fileRef = 2E1217201E44F7A600194915 /* ViewController.swift */; };
		2E1217241E44F7A600194915 /* Main.storyboard in Resources */ = {isa = PBXBuildFile; fileRef = 2E1217221E44F7A600194915 /* Main.storyboard */; };
		2E1217261E44F7A600194915 /* Assets.xcassets in Resources */ = {isa = PBXBuildFile; fileRef = 2E1217251E44F7A600194915 /* Assets.xcassets */; };
		2E1217291E44F7A600194915 /* LaunchScreen.storyboard in Resources */ = {isa = PBXBuildFile; fileRef = 2E1217271E44F7A600194915 /* LaunchScreen.storyboard */; };
		2E1217341E44F7A600194915 /* _RA_EVA_4_OUTLETSTests.swift in Sources */ = {isa = PBXBuildFile; fileRef = 2E1217331E44F7A600194915 /* _RA_EVA_4_OUTLETSTests.swift */; };
		2E12173F1E44F7A600194915 /* _RA_EVA_4_OUTLETSUITests.swift in Sources */ = {isa = PBXBuildFile; fileRef = 2E12173E1E44F7A600194915 /* _RA_EVA_4_OUTLETSUITests.swift */; };
/* End PBXBuildFile section */

/* Begin PBXContainerItemProxy section */
		2E1217301E44F7A600194915 /* PBXContainerItemProxy */ = {
			isa = PBXContainerItemProxy;
			containerPortal = 2E1217131E44F7A600194915 /* Project object */;
			proxyType = 1;
			remoteGlobalIDString = 2E12171A1E44F7A600194915;
			remoteInfo = "1RA_EVA_4-OUTLETS";
		};
		2E12173B1E44F7A600194915 /* PBXContainerItemProxy */ = {
			isa = PBXContainerItemProxy;
			containerPortal = 2E1217131E44F7A600194915 /* Project object */;
			proxyType = 1;
			remoteGlobalIDString = 2E12171A1E44F7A600194915;
			remoteInfo = "1RA_EVA_4-OUTLETS";
		};
/* End PBXContainerItemProxy section */

/* Begin PBXFileReference section */
		2E12171B1E44F7A600194915 /* 1RA_EVA_4-OUTLETS.app */ = {isa = PBXFileReference; explicitFileType = wrapper.application; includeInIndex = 0; path = "1RA_EVA_4-OUTLETS.app"; sourceTree = BUILT_PRODUCTS_DIR; };
		2E12171E1E44F7A600194915 /* AppDelegate.swift */ = {isa = PBXFileReference; lastKnownFileType = sourcecode.swift; path = AppDelegate.swift; sourceTree = "<group>"; };
		2E1217201E44F7A600194915 /* ViewController.swift */ = {isa = PBXFileReference; lastKnownFileType = sourcecode.swift; path = ViewController.swift; sourceTree = "<group>"; };
		2E1217231E44F7A600194915 /* Base */ = {isa = PBXFileReference; lastKnownFileType = file.storyboard; name = Base; path = Base.lproj/Main.storyboard; sourceTree = "<group>"; };
		2E1217251E44F7A600194915 /* Assets.xcassets */ = {isa = PBXFileReference; lastKnownFileType = folder.assetcatalog; path = Assets.xcassets; sourceTree = "<group>"; };
		2E1217281E44F7A600194915 /* Base */ = {isa = PBXFileReference; lastKnownFileType = file.storyboard; name = Base; path = Base.lproj/LaunchScreen.storyboard; sourceTree = "<group>"; };
		2E12172A1E44F7A600194915 /* Info.plist */ = {isa = PBXFileReference; lastKnownFileType = text.plist.xml; path = Info.plist; sourceTree = "<group>"; };
		2E12172F1E44F7A600194915 /* 1RA_EVA_4-OUTLETSTests.xctest */ = {isa = PBXFileReference; explicitFileType = wrapper.cfbundle; includeInIndex = 0; path = "1RA_EVA_4-OUTLETSTests.xctest"; sourceTree = BUILT_PRODUCTS_DIR; };
		2E1217331E44F7A600194915 /* _RA_EVA_4_OUTLETSTests.swift */ = {isa = PBXFileReference; lastKnownFileType = sourcecode.swift; path = _RA_EVA_4_OUTLETSTests.swift; sourceTree = "<group>"; };
		2E1217351E44F7A600194915 /* Info.plist */ = {isa = PBXFileReference; lastKnownFileType = text.plist.xml; path = Info.plist; sourceTree = "<group>"; };
		2E12173A1E44F7A600194915 /* 1RA_EVA_4-OUTLETSUITests.xctest */ = {isa = PBXFileReference; explicitFileType = wrapper.cfbundle; includeInIndex = 0; path = "1RA_EVA_4-OUTLETSUITests.xctest"; sourceTree = BUILT_PRODUCTS_DIR; };
		2E12173E1E44F7A600194915 /* _RA_EVA_4_OUTLETSUITests.swift */ = {isa = PBXFileReference; lastKnownFileType = sourcecode.swift; path = _RA_EVA_4_OUTLETSUITests.swift; sourceTree = "<group>"; };
		2E1217401E44F7A600194915 /* Info.plist */ = {isa = PBXFileReference; lastKnownFileType = text.plist.xml; path = Info.plist; sourceTree = "<group>"; };
/* End PBXFileReference section */

/* Begin PBXFrameworksBuildPhase section */
		2E1217181E44F7A600194915 /* Frameworks */ = {
			isa = PBXFrameworksBuildPhase;
			buildActionMask = 2147483647;
			files = (
			);
			runOnlyForDeploymentPostprocessing = 0;
		};
		2E12172C1E44F7A600194915 /* Frameworks */ = {
			isa = PBXFrameworksBuildPhase;
			buildActionMask = 2147483647;
			files = (
			);
			runOnlyForDeploymentPostprocessing = 0;
		};
		2E1217371E44F7A600194915 /* Frameworks */ = {
			isa = PBXFrameworksBuildPhase;
			buildActionMask = 2147483647;
			files = (
			);
			runOnlyForDeploymentPostprocessing = 0;
		};
/* End PBXFrameworksBuildPhase section */

/* Begin PBXGroup section */
		2E1217121E44F7A600194915 = {
			isa = PBXGroup;
			children = (
				2E12171D1E44F7A600194915 /* 1RA_EVA_4-OUTLETS */,
				2E1217321E44F7A600194915 /* 1RA_EVA_4-OUTLETSTests */,
				2E12173D1E44F7A600194915 /* 1RA_EVA_4-OUTLETSUITests */,
				2E12171C1E44F7A600194915 /* Products */,
			);
			sourceTree = "<group>";
		};
		2E12171C1E44F7A600194915 /* Products */ = {
			isa = PBXGroup;
			children = (
				2E12171B1E44F7A600194915 /* 1RA_EVA_4-OUTLETS.app */,
				2E12172F1E44F7A600194915 /* 1RA_EVA_4-OUTLETSTests.xctest */,
				2E12173A1E44F7A600194915 /* 1RA_EVA_4-OUTLETSUITests.xctest */,
			);
			name = Products;
			sourceTree = "<group>";
		};
		2E12171D1E44F7A600194915 /* 1RA_EVA_4-OUTLETS */ = {
			isa = PBXGroup;
			children = (
				2E12171E1E44F7A600194915 /* AppDelegate.swift */,
				2E1217201E44F7A600194915 /* ViewController.swift */,
				2E1217221E44F7A600194915 /* Main.storyboard */,
				2E1217251E44F7A600194915 /* Assets.xcassets */,
				2E1217271E44F7A600194915 /* LaunchScreen.storyboard */,
				2E12172A1E44F7A600194915 /* Info.plist */,
			);
			path = "1RA_EVA_4-OUTLETS";
			sourceTree = "<group>";
		};
		2E1217321E44F7A600194915 /* 1RA_EVA_4-OUTLETSTests */ = {
			isa = PBXGroup;
			children = (
				2E1217331E44F7A600194915 /* _RA_EVA_4_OUTLETSTests.swift */,
				2E1217351E44F7A600194915 /* Info.plist */,
			);
			path = "1RA_EVA_4-OUTLETSTests";
			sourceTree = "<group>";
		};
		2E12173D1E44F7A600194915 /* 1RA_EVA_4-OUTLETSUITests */ = {
			isa = PBXGroup;
			children = (
				2E12173E1E44F7A600194915 /* _RA_EVA_4_OUTLETSUITests.swift */,
				2E1217401E44F7A600194915 /* Info.plist */,
			);
			path = "1RA_EVA_4-OUTLETSUITests";
			sourceTree = "<group>";
		};
/* End PBXGroup section */

/* Begin PBXNativeTarget section */
		2E12171A1E44F7A600194915 /* 1RA_EVA_4-OUTLETS */ = {
			isa = PBXNativeTarget;
			buildConfigurationList = 2E1217431E44F7A600194915 /* Build configuration list for PBXNativeTarget "1RA_EVA_4-OUTLETS" */;
			buildPhases = (
				2E1217171E44F7A600194915 /* Sources */,
				2E1217181E44F7A600194915 /* Frameworks */,
				2E1217191E44F7A600194915 /* Resources */,
			);
			buildRules = (
			);
			dependencies = (
			);
			name = "1RA_EVA_4-OUTLETS";
			productName = "1RA_EVA_4-OUTLETS";
			productReference = 2E12171B1E44F7A600194915 /* 1RA_EVA_4-OUTLETS.app */;
			productType = "com.apple.product-type.application";
		};
		2E12172E1E44F7A600194915 /* 1RA_EVA_4-OUTLETSTests */ = {
			isa = PBXNativeTarget;
			buildConfigurationList = 2E1217461E44F7A600194915 /* Build configuration list for PBXNativeTarget "1RA_EVA_4-OUTLETSTests" */;
			buildPhases = (
				2E12172B1E44F7A600194915 /* Sources */,
				2E12172C1E44F7A600194915 /* Frameworks */,
				2E12172D1E44F7A600194915 /* Resources */,
			);
			buildRules = (
			);
			dependencies = (
				2E1217311E44F7A600194915 /* PBXTargetDependency */,
			);
			name = "1RA_EVA_4-OUTLETSTests";
			productName = "1RA_EVA_4-OUTLETSTests";
			productReference = 2E12172F1E44F7A600194915 /* 1RA_EVA_4-OUTLETSTests.xctest */;
			productType = "com.apple.product-type.bundle.unit-test";
		};
		2E1217391E44F7A600194915 /* 1RA_EVA_4-OUTLETSUITests */ = {
			isa = PBXNativeTarget;
			buildConfigurationList = 2E1217491E44F7A600194915 /* Build configuration list for PBXNativeTarget "1RA_EVA_4-OUTLETSUITests" */;
			buildPhases = (
				2E1217361E44F7A600194915 /* Sources */,
				2E1217371E44F7A600194915 /* Frameworks */,
				2E1217381E44F7A600194915 /* Resources */,
			);
			buildRules = (
			);
			dependencies = (
				2E12173C1E44F7A600194915 /* PBXTargetDependency */,
			);
			name = "1RA_EVA_4-OUTLETSUITests";
			productName = "1RA_EVA_4-OUTLETSUITests";
			productReference = 2E12173A1E44F7A600194915 /* 1RA_EVA_4-OUTLETSUITests.xctest */;
			productType = "com.apple.product-type.bundle.ui-testing";
		};
/* End PBXNativeTarget section */

/* Begin PBXProject section */
		2E1217131E44F7A600194915 /* Project object */ = {
			isa = PBXProject;
			attributes = {
				LastSwiftUpdateCheck = 0730;
				LastUpgradeCheck = 0730;
				ORGANIZATIONNAME = "MIGUEL ANGEL";
				TargetAttributes = {
					2E12171A1E44F7A600194915 = {
						CreatedOnToolsVersion = 7.3.1;
					};
					2E12172E1E44F7A600194915 = {
						CreatedOnToolsVersion = 7.3.1;
						TestTargetID = 2E12171A1E44F7A600194915;
					};
					2E1217391E44F7A600194915 = {
						CreatedOnToolsVersion = 7.3.1;
						TestTargetID = 2E12171A1E44F7A600194915;
					};
				};
			};
			buildConfigurationList = 2E1217161E44F7A600194915 /* Build configuration list for PBXProject "1RA_EVA_4-OUTLETS" */;
			compatibilityVersion = "Xcode 3.2";
			developmentRegion = English;
			hasScannedForEncodings = 0;
			knownRegions = (
				en,
				Base,
			);
			mainGroup = 2E1217121E44F7A600194915;
			productRefGroup = 2E12171C1E44F7A600194915 /* Products */;
			projectDirPath = "";
			projectRoot = "";
			targets = (
				2E12171A1E44F7A600194915 /* 1RA_EVA_4-OUTLETS */,
				2E12172E1E44F7A600194915 /* 1RA_EVA_4-OUTLETSTests */,
				2E1217391E44F7A600194915 /* 1RA_EVA_4-OUTLETSUITests */,
			);
		};
/* End PBXProject section */

/* Begin PBXResourcesBuildPhase section */
		2E1217191E44F7A600194915 /* Resources */ = {
			isa = PBXResourcesBuildPhase;
			buildActionMask = 2147483647;
			files = (
				2E1217291E44F7A600194915 /* LaunchScreen.storyboard in Resources */,
				2E1217261E44F7A600194915 /* Assets.xcassets in Resources */,
				2E1217241E44F7A600194915 /* Main.storyboard in Resources */,
			);
			runOnlyForDeploymentPostprocessing = 0;
		};
		2E12172D1E44F7A600194915 /* Resources */ = {
			isa = PBXResourcesBuildPhase;
			buildActionMask = 2147483647;
			files = (
			);
			runOnlyForDeploymentPostprocessing = 0;
		};
		2E1217381E44F7A600194915 /* Resources */ = {
			isa = PBXResourcesBuildPhase;
			buildActionMask = 2147483647;
			files = (
			);
			runOnlyForDeploymentPostprocessing = 0;
		};
/* End PBXResourcesBuildPhase section */

/* Begin PBXSourcesBuildPhase section */
		2E1217171E44F7A600194915 /* Sources */ = {
			isa = PBXSourcesBuildPhase;
			buildActionMask = 2147483647;
			files = (
				2E1217211E44F7A600194915 /* ViewController.swift in Sources */,
				2E12171F1E44F7A600194915 /* AppDelegate.swift in Sources */,
			);
			runOnlyForDeploymentPostprocessing = 0;
		};
		2E12172B1E44F7A600194915 /* Sources */ = {
			isa = PBXSourcesBuildPhase;
			buildActionMask = 2147483647;
			files = (
				2E1217341E44F7A600194915 /* _RA_EVA_4_OUTLETSTests.swift in Sources */,
			);
			runOnlyForDeploymentPostprocessing = 0;
		};
		2E1217361E44F7A600194915 /* Sources */ = {
			isa = PBXSourcesBuildPhase;
			buildActionMask = 2147483647;
			files = (
				2E12173F1E44F7A600194915 /* _RA_EVA_4_OUTLETSUITests.swift in Sources */,
			);
			runOnlyForDeploymentPostprocessing = 0;
		};
/* End PBXSourcesBuildPhase section */

/* Begin PBXTargetDependency section */
		2E1217311E44F7A600194915 /* PBXTargetDependency */ = {
			isa = PBXTargetDependency;
			target = 2E12171A1E44F7A600194915 /* 1RA_EVA_4-OUTLETS */;
			targetProxy = 2E1217301E44F7A600194915 /* PBXContainerItemProxy */;
		};
		2E12173C1E44F7A600194915 /* PBXTargetDependency */ = {
			isa = PBXTargetDependency;
			target = 2E12171A1E44F7A600194915 /* 1RA_EVA_4-OUTLETS */;
			targetProxy = 2E12173B1E44F7A600194915 /* PBXContainerItemProxy */;
		};
/* End PBXTargetDependency section */

/* Begin PBXVariantGroup section */
		2E1217221E44F7A600194915 /* Main.storyboard */ = {
			isa = PBXVariantGroup;
			children = (
				2E1217231E44F7A600194915 /* Base */,
			);
			name = Main.storyboard;
			sourceTree = "<group>";
		};
		2E1217271E44F7A600194915 /* LaunchScreen.storyboard */ = {
			isa = PBXVariantGroup;
			children = (
				2E1217281E44F7A600194915 /* Base */,
			);
			name = LaunchScreen.storyboard;
			sourceTree = "<group>";
		};
/* End PBXVariantGroup section */

/* Begin XCBuildConfiguration section */
		2E1217411E44F7A600194915 /* Debug */ = {
			isa = XCBuildConfiguration;
			buildSettings = {
				ALWAYS_SEARCH_USER_PATHS = NO;
				CLANG_ANALYZER_NONNULL = YES;
				CLANG_CXX_LANGUAGE_STANDARD = "gnu++0x";
				CLANG_CXX_LIBRARY = "libc++";
				CLANG_ENABLE_MODULES = YES;
				CLANG_ENABLE_OBJC_ARC = YES;
				CLANG_WARN_BOOL_CONVERSION = YES;
				CLANG_WARN_CONSTANT_CONVERSION = YES;
				CLANG_WARN_DIRECT_OBJC_ISA_USAGE = YES_ERROR;
				CLANG_WARN_EMPTY_BODY = YES;
				CLANG_WARN_ENUM_CONVERSION = YES;
				CLANG_WARN_INT_CONVERSION = YES;
				CLANG_WARN_OBJC_ROOT_CLASS = YES_ERROR;
				CLANG_WARN_UNREACHABLE_CODE = YES;
				CLANG_WARN__DUPLICATE_METHOD_MATCH = YES;
				"CODE_SIGN_IDENTITY[sdk=iphoneos*]" = "iPhone Developer";
				COPY_PHASE_STRIP = NO;
				DEBUG_INFORMATION_FORMAT = dwarf;
				ENABLE_STRICT_OBJC_MSGSEND = YES;
				ENABLE_TESTABILITY = YES;
				GCC_C_LANGUAGE_STANDARD = gnu99;
				GCC_DYNAMIC_NO_PIC = NO;
				GCC_NO_COMMON_BLOCKS = YES;
				GCC_OPTIMIZATION_LEVEL = 0;
				GCC_PREPROCESSOR_DEFINITIONS = (
					"DEBUG=1",
					"$(inherited)",
				);
				GCC_WARN_64_TO_32_BIT_CONVERSION = YES;
				GCC_WARN_ABOUT_RETURN_TYPE = YES_ERROR;
				GCC_WARN_UNDECLARED_SELECTOR = YES;
				GCC_WARN_UNINITIALIZED_AUTOS = YES_AGGRESSIVE;
				GCC_WARN_UNUSED_FUNCTION = YES;
				GCC_WARN_UNUSED_VARIABLE = YES;
				IPHONEOS_DEPLOYMENT_TARGET = 9.3;
				MTL_ENABLE_DEBUG_INFO = YES;
				ONLY_ACTIVE_ARCH = YES;
				SDKROOT = iphoneos;
				SWIFT_OPTIMIZATION_LEVEL = "-Onone";
				TARGETED_DEVICE_FAMILY = "1,2";
			};
			name = Debug;
		};
		2E1217421E44F7A600194915 /* Release */ = {
			isa = XCBuildConfiguration;
			buildSettings = {
				ALWAYS_SEARCH_USER_PATHS = NO;
				CLANG_ANALYZER_NONNULL = YES;
				CLANG_CXX_LANGUAGE_STANDARD = "gnu++0x";
				CLANG_CXX_LIBRARY = "libc++";
				CLANG_ENABLE_MODULES = YES;
				CLANG_ENABLE_OBJC_ARC = YES;
				CLANG_WARN_BOOL_CONVERSION = YES;
				CLANG_WARN_CONSTANT_CONVERSION = YES;
				CLANG_WARN_DIRECT_OBJC_ISA_USAGE = YES_ERROR;
				CLANG_WARN_EMPTY_BODY = YES;
				CLANG_WARN_ENUM_CONVERSION = YES;
				CLANG_WARN_INT_CONVERSION = YES;
				CLANG_WARN_OBJC_ROOT_CLASS = YES_ERROR;
				CLANG_WARN_UNREACHABLE_CODE = YES;
				CLANG_WARN__DUPLICATE_METHOD_MATCH = YES;
				"CODE_SIGN_IDENTITY[sdk=iphoneos*]" = "iPhone Developer";
				COPY_PHASE_STRIP = NO;
				DEBUG_INFORMATION_FORMAT = "dwarf-with-dsym";
				ENABLE_NS_ASSERTIONS = NO;
				ENABLE_STRICT_OBJC_MSGSEND = YES;
				GCC_C_LANGUAGE_STANDARD = gnu99;
				GCC_NO_COMMON_BLOCKS = YES;
				GCC_WARN_64_TO_32_BIT_CONVERSION = YES;
				GCC_WARN_ABOUT_RETURN_TYPE = YES_ERROR;
				GCC_WARN_UNDECLARED_SELECTOR = YES;
				GCC_WARN_UNINITIALIZED_AUTOS = YES_AGGRESSIVE;
				GCC_WARN_UNUSED_FUNCTION = YES;
				GCC_WARN_UNUSED_VARIABLE = YES;
				IPHONEOS_DEPLOYMENT_TARGET = 9.3;
				MTL_ENABLE_DEBUG_INFO = NO;
				SDKROOT = iphoneos;
				TARGETED_DEVICE_FAMILY = "1,2";
				VALIDATE_PRODUCT = YES;
			};
			name = Release;
		};
		2E1217441E44F7A600194915 /* Debug */ = {
			isa = XCBuildConfiguration;
			buildSettings = {
				ASSETCATALOG_COMPILER_APPICON_NAME = AppIcon;
				INFOPLIST_FILE = "1RA_EVA_4-OUTLETS/Info.plist";
				LD_RUNPATH_SEARCH_PATHS = "$(inherited) @executable_path/Frameworks";
				PRODUCT_BUNDLE_IDENTIFIER = "com.miguel-angel.constrains.-RA-EVA-4-OUTLETS";
				PRODUCT_NAME = "$(TARGET_NAME)";
			};
			name = Debug;
		};
		2E1217451E44F7A600194915 /* Release */ = {
			isa = XCBuildConfiguration;
			buildSettings = {
				ASSETCATALOG_COMPILER_APPICON_NAME = AppIcon;
				INFOPLIST_FILE = "1RA_EVA_4-OUTLETS/Info.plist";
				LD_RUNPATH_SEARCH_PATHS = "$(inherited) @executable_path/Frameworks";
				PRODUCT_BUNDLE_IDENTIFIER = "com.miguel-angel.constrains.-RA-EVA-4-OUTLETS";
				PRODUCT_NAME = "$(TARGET_NAME)";
			};
			name = Release;
		};
		2E1217471E44F7A600194915 /* Debug */ = {
			isa = XCBuildConfiguration;
			buildSettings = {
				BUNDLE_LOADER = "$(TEST_HOST)";
				INFOPLIST_FILE = "1RA_EVA_4-OUTLETSTests/Info.plist";
				LD_RUNPATH_SEARCH_PATHS = "$(inherited) @executable_path/Frameworks @loader_path/Frameworks";
				PRODUCT_BUNDLE_IDENTIFIER = "com.miguel-angel.constrains.-RA-EVA-4-OUTLETSTests";
				PRODUCT_NAME = "$(TARGET_NAME)";
				TEST_HOST = "$(BUILT_PRODUCTS_DIR)/1RA_EVA_4-OUTLETS.app/1RA_EVA_4-OUTLETS";
			};
			name = Debug;
		};
		2E1217481E44F7A600194915 /* Release */ = {
			isa = XCBuildConfiguration;
			buildSettings = {
				BUNDLE_LOADER = "$(TEST_HOST)";
				INFOPLIST_FILE = "1RA_EVA_4-OUTLETSTests/Info.plist";
				LD_RUNPATH_SEARCH_PATHS = "$(inherited) @executable_path/Frameworks @loader_path/Frameworks";
				PRODUCT_BUNDLE_IDENTIFIER = "com.miguel-angel.constrains.-RA-EVA-4-OUTLETSTests";
				PRODUCT_NAME = "$(TARGET_NAME)";
				TEST_HOST = "$(BUILT_PRODUCTS_DIR)/1RA_EVA_4-OUTLETS.app/1RA_EVA_4-OUTLETS";
			};
			name = Release;
		};
		2E12174A1E44F7A600194915 /* Debug */ = {
			isa = XCBuildConfiguration;
			buildSettings = {
				INFOPLIST_FILE = "1RA_EVA_4-OUTLETSUITests/Info.plist";
				LD_RUNPATH_SEARCH_PATHS = "$(inherited) @executable_path/Frameworks @loader_path/Frameworks";
				PRODUCT_BUNDLE_IDENTIFIER = "com.miguel-angel.constrains.-RA-EVA-4-OUTLETSUITests";
				PRODUCT_NAME = "$(TARGET_NAME)";
				TEST_TARGET_NAME = "1RA_EVA_4-OUTLETS";
			};
			name = Debug;
		};
		2E12174B1E44F7A600194915 /* Release */ = {
			isa = XCBuildConfiguration;
			buildSettings = {
				INFOPLIST_FILE = "1RA_EVA_4-OUTLETSUITests/Info.plist";
				LD_RUNPATH_SEARCH_PATHS = "$(inherited) @executable_path/Frameworks @loader_path/Frameworks";
				PRODUCT_BUNDLE_IDENTIFIER = "com.miguel-angel.constrains.-RA-EVA-4-OUTLETSUITests";
				PRODUCT_NAME = "$(TARGET_NAME)";
				TEST_TARGET_NAME = "1RA_EVA_4-OUTLETS";
			};
			name = Release;
		};
/* End XCBuildConfiguration section */

/* Begin XCConfigurationList section */
		2E1217161E44F7A600194915 /* Build configuration list for PBXProject "1RA_EVA_4-OUTLETS" */ = {
			isa = XCConfigurationList;
			buildConfigurations = (
				2E1217411E44F7A600194915 /* Debug */,
				2E1217421E44F7A600194915 /* Release */,
			);
			defaultConfigurationIsVisible = 0;
			defaultConfigurationName = Release;
		};
		2E1217431E44F7A600194915 /* Build configuration list for PBXNativeTarget "1RA_EVA_4-OUTLETS" */ = {
			isa = XCConfigurationList;
			buildConfigurations = (
				2E1217441E44F7A600194915 /* Debug */,
				2E1217451E44F7A600194915 /* Release */,
			);
			defaultConfigurationIsVisible = 0;
		};
		2E1217461E44F7A600194915 /* Build configuration list for PBXNativeTarget "1RA_EVA_4-OUTLETSTests" */ = {
			isa = XCConfigurationList;
			buildConfigurations = (
				2E1217471E44F7A600194915 /* Debug */,
				2E1217481E44F7A600194915 /* Release */,
			);
			defaultConfigurationIsVisible = 0;
		};
		2E1217491E44F7A600194915 /* Build configuration list for PBXNativeTarget "1RA_EVA_4-OUTLETSUITests" */ = {
			isa = XCConfigurationList;
			buildConfigurations = (
				2E12174A1E44F7A600194915 /* Debug */,
				2E12174B1E44F7A600194915 /* Release */,
			);
			defaultConfigurationIsVisible = 0;
		};
/* End XCConfigurationList section */
	};
	rootObject = 2E1217131E44F7A600194915 /* Project object */;
}
